// !$*UTF8*$!
{
	archiveVersion = 1;
	classes = {
	};
	objectVersion = 50;
	objects = {

/* Begin PBXBuildFile section */
		43A80323248B5A0B00A932CE /* moonLander.cpp in Sources */ = {isa = PBXBuildFile; fileRef = 43A80321248B5A0B00A932CE /* moonLander.cpp */; };
		43ABF70F24838E52001377F4 /* OpenGL.framework in Frameworks */ = {isa = PBXBuildFile; fileRef = 43ABF70E24838E52001377F4 /* OpenGL.framework */; };
		43ABF71124838E58001377F4 /* GLUT.framework in Frameworks */ = {isa = PBXBuildFile; fileRef = 43ABF71024838E58001377F4 /* GLUT.framework */; };
		43ABF72124838E7C001377F4 /* game.cpp in Sources */ = {isa = PBXBuildFile; fileRef = 43ABF71524838E7B001377F4 /* game.cpp */; };
		43ABF72224838E7C001377F4 /* point.cpp in Sources */ = {isa = PBXBuildFile; fileRef = 43ABF71624838E7B001377F4 /* point.cpp */; };
		43ABF72324838E7C001377F4 /* velocity.cpp in Sources */ = {isa = PBXBuildFile; fileRef = 43ABF71724838E7B001377F4 /* velocity.cpp */; };
		43ABF72424838E7C001377F4 /* makefile in Sources */ = {isa = PBXBuildFile; fileRef = 43ABF71A24838E7B001377F4 /* makefile */; };
		43ABF72524838E7C001377F4 /* driver.cpp in Sources */ = {isa = PBXBuildFile; fileRef = 43ABF71B24838E7B001377F4 /* driver.cpp */; };
		43ABF72624838E7C001377F4 /* uiInteract.cpp in Sources */ = {isa = PBXBuildFile; fileRef = 43ABF71C24838E7B001377F4 /* uiInteract.cpp */; };
		43ABF72724838E7C001377F4 /* uiDraw.cpp in Sources */ = {isa = PBXBuildFile; fileRef = 43ABF71D24838E7B001377F4 /* uiDraw.cpp */; };
		43ABF72824838E7C001377F4 /* ground.cpp in Sources */ = {isa = PBXBuildFile; fileRef = 43ABF71E24838E7B001377F4 /* ground.cpp */; };
/* End PBXBuildFile section */

/* Begin PBXCopyFilesBuildPhase section */
		43ABF70124838E47001377F4 /* CopyFiles */ = {
			isa = PBXCopyFilesBuildPhase;
			buildActionMask = 2147483647;
			dstPath = /usr/share/man/man1/;
			dstSubfolderSpec = 0;
			files = (
			);
			runOnlyForDeploymentPostprocessing = 1;
		};
/* End PBXCopyFilesBuildPhase section */

/* Begin PBXFileReference section */
		43A80321248B5A0B00A932CE /* moonLander.cpp */ = {isa = PBXFileReference; lastKnownFileType = sourcecode.cpp.cpp; path = moonLander.cpp; sourceTree = "<group>"; };
		43A80324248B5AA800A932CE /* moonLander.h */ = {isa = PBXFileReference; lastKnownFileType = sourcecode.c.h; path = moonLander.h; sourceTree = "<group>"; };
		43ABF70324838E47001377F4 /* moonLander */ = {isa = PBXFileReference; explicitFileType = "compiled.mach-o.executable"; includeInIndex = 0; path = moonLander; sourceTree = BUILT_PRODUCTS_DIR; };
		43ABF70E24838E52001377F4 /* OpenGL.framework */ = {isa = PBXFileReference; lastKnownFileType = wrapper.framework; name = OpenGL.framework; path = System/Library/Frameworks/OpenGL.framework; sourceTree = SDKROOT; };
		43ABF71024838E58001377F4 /* GLUT.framework */ = {isa = PBXFileReference; lastKnownFileType = wrapper.framework; name = GLUT.framework; path = System/Library/Frameworks/GLUT.framework; sourceTree = SDKROOT; };
		43ABF71224838E7B001377F4 /* ground.h */ = {isa = PBXFileReference; fileEncoding = 4; lastKnownFileType = sourcecode.c.h; name = ground.h; path = ../ground.h; sourceTree = "<group>"; };
		43ABF71324838E7B001377F4 /* uiDraw.h */ = {isa = PBXFileReference; fileEncoding = 4; lastKnownFileType = sourcecode.c.h; name = uiDraw.h; path = ../uiDraw.h; sourceTree = "<group>"; };
		43ABF71424838E7B001377F4 /* point.h */ = {isa = PBXFileReference; fileEncoding = 4; lastKnownFileType = sourcecode.c.h; name = point.h; path = ../point.h; sourceTree = "<group>"; };
		43ABF71524838E7B001377F4 /* game.cpp */ = {isa = PBXFileReference; fileEncoding = 4; lastKnownFileType = sourcecode.cpp.cpp; name = game.cpp; path = ../game.cpp; sourceTree = "<group>"; };
		43ABF71624838E7B001377F4 /* point.cpp */ = {isa = PBXFileReference; fileEncoding = 4; lastKnownFileType = sourcecode.cpp.cpp; name = point.cpp; path = ../point.cpp; sourceTree = "<group>"; };
		43ABF71724838E7B001377F4 /* velocity.cpp */ = {isa = PBXFileReference; fileEncoding = 4; lastKnownFileType = sourcecode.cpp.cpp; name = velocity.cpp; path = ../velocity.cpp; sourceTree = "<group>"; };
		43ABF71824838E7B001377F4 /* velocity.h */ = {isa = PBXFileReference; fileEncoding = 4; lastKnownFileType = sourcecode.c.h; name = velocity.h; path = ../velocity.h; sourceTree = "<group>"; };
		43ABF71924838E7B001377F4 /* makefile~ */ = {isa = PBXFileReference; fileEncoding = 4; lastKnownFileType = text; name = "makefile~"; path = "../makefile~"; sourceTree = "<group>"; };
		43ABF71A24838E7B001377F4 /* makefile */ = {isa = PBXFileReference; fileEncoding = 4; lastKnownFileType = sourcecode.make; name = makefile; path = ../makefile; sourceTree = "<group>"; };
		43ABF71B24838E7B001377F4 /* driver.cpp */ = {isa = PBXFileReference; fileEncoding = 4; lastKnownFileType = sourcecode.cpp.cpp; name = driver.cpp; path = ../driver.cpp; sourceTree = "<group>"; };
		43ABF71C24838E7B001377F4 /* uiInteract.cpp */ = {isa = PBXFileReference; fileEncoding = 4; lastKnownFileType = sourcecode.cpp.cpp; name = uiInteract.cpp; path = ../uiInteract.cpp; sourceTree = "<group>"; };
		43ABF71D24838E7B001377F4 /* uiDraw.cpp */ = {isa = PBXFileReference; fileEncoding = 4; lastKnownFileType = sourcecode.cpp.cpp; name = uiDraw.cpp; path = ../uiDraw.cpp; sourceTree = "<group>"; };
		43ABF71E24838E7B001377F4 /* ground.cpp */ = {isa = PBXFileReference; fileEncoding = 4; lastKnownFileType = sourcecode.cpp.cpp; name = ground.cpp; path = ../ground.cpp; sourceTree = "<group>"; };
		43ABF71F24838E7B001377F4 /* game.h */ = {isa = PBXFileReference; fileEncoding = 4; lastKnownFileType = sourcecode.c.h; name = game.h; path = ../game.h; sourceTree = "<group>"; };
		43ABF72024838E7C001377F4 /* uiInteract.h */ = {isa = PBXFileReference; fileEncoding = 4; lastKnownFileType = sourcecode.c.h; name = uiInteract.h; path = ../uiInteract.h; sourceTree = "<group>"; };
/* End PBXFileReference section */

/* Begin PBXFrameworksBuildPhase section */
		43ABF70024838E47001377F4 /* Frameworks */ = {
			isa = PBXFrameworksBuildPhase;
			buildActionMask = 2147483647;
			files = (
				43ABF71124838E58001377F4 /* GLUT.framework in Frameworks */,
				43ABF70F24838E52001377F4 /* OpenGL.framework in Frameworks */,
			);
			runOnlyForDeploymentPostprocessing = 0;
		};
/* End PBXFrameworksBuildPhase section */

/* Begin PBXGroup section */
		43ABF6FA24838E47001377F4 = {
			isa = PBXGroup;
			children = (
				43ABF71B24838E7B001377F4 /* driver.cpp */,
				43A80321248B5A0B00A932CE /* moonLander.cpp */,
				43A80324248B5AA800A932CE /* moonLander.h */,
				43ABF71524838E7B001377F4 /* game.cpp */,
				43ABF71F24838E7B001377F4 /* game.h */,
				43ABF71E24838E7B001377F4 /* ground.cpp */,
				43ABF71224838E7B001377F4 /* ground.h */,
				43ABF71A24838E7B001377F4 /* makefile */,
				43ABF71924838E7B001377F4 /* makefile~ */,
				43ABF71624838E7B001377F4 /* point.cpp */,
				43ABF71424838E7B001377F4 /* point.h */,
				43ABF71D24838E7B001377F4 /* uiDraw.cpp */,
				43ABF71324838E7B001377F4 /* uiDraw.h */,
				43ABF71C24838E7B001377F4 /* uiInteract.cpp */,
				43ABF72024838E7C001377F4 /* uiInteract.h */,
				43ABF71724838E7B001377F4 /* velocity.cpp */,
				43ABF71824838E7B001377F4 /* velocity.h */,
				43ABF70524838E47001377F4 /* moonLander */,
				43ABF70424838E47001377F4 /* Products */,
				43ABF70D24838E52001377F4 /* Frameworks */,
			);
			sourceTree = "<group>";
		};
		43ABF70424838E47001377F4 /* Products */ = {
			isa = PBXGroup;
			children = (
				43ABF70324838E47001377F4 /* moonLander */,
			);
			name = Products;
			sourceTree = "<group>";
		};
		43ABF70524838E47001377F4 /* moonLander */ = {
			isa = PBXGroup;
			children = (
			);
			path = moonLander;
			sourceTree = "<group>";
		};
		43ABF70D24838E52001377F4 /* Frameworks */ = {
			isa = PBXGroup;
			children = (
				43ABF71024838E58001377F4 /* GLUT.framework */,
				43ABF70E24838E52001377F4 /* OpenGL.framework */,
			);
			name = Frameworks;
			sourceTree = "<group>";
		};
/* End PBXGroup section */

/* Begin PBXNativeTarget section */
		43ABF70224838E47001377F4 /* moonLander */ = {
			isa = PBXNativeTarget;
			buildConfigurationList = 43ABF70A24838E47001377F4 /* Build configuration list for PBXNativeTarget "moonLander" */;
			buildPhases = (
				43ABF6FF24838E47001377F4 /* Sources */,
				43ABF70024838E47001377F4 /* Frameworks */,
				43ABF70124838E47001377F4 /* CopyFiles */,
			);
			buildRules = (
			);
			dependencies = (
			);
			name = moonLander;
			productName = moonLander;
			productReference = 43ABF70324838E47001377F4 /* moonLander */;
			productType = "com.apple.product-type.tool";
		};
/* End PBXNativeTarget section */

/* Begin PBXProject section */
		43ABF6FB24838E47001377F4 /* Project object */ = {
			isa = PBXProject;
			attributes = {
				LastUpgradeCheck = 1130;
				ORGANIZATIONNAME = cs165;
				TargetAttributes = {
					43ABF70224838E47001377F4 = {
						CreatedOnToolsVersion = 11.3.1;
					};
				};
			};
			buildConfigurationList = 43ABF6FE24838E47001377F4 /* Build configuration list for PBXProject "moonLander" */;
			compatibilityVersion = "Xcode 9.3";
			developmentRegion = en;
			hasScannedForEncodings = 0;
			knownRegions = (
				en,
				Base,
			);
			mainGroup = 43ABF6FA24838E47001377F4;
			productRefGroup = 43ABF70424838E47001377F4 /* Products */;
			projectDirPath = "";
			projectRoot = "";
			targets = (
				43ABF70224838E47001377F4 /* moonLander */,
			);
		};
/* End PBXProject section */

/* Begin PBXSourcesBuildPhase section */
		43ABF6FF24838E47001377F4 /* Sources */ = {
			isa = PBXSourcesBuildPhase;
			buildActionMask = 2147483647;
			files = (
				43ABF72824838E7C001377F4 /* ground.cpp in Sources */,
				43ABF72324838E7C001377F4 /* velocity.cpp in Sources */,
				43ABF72124838E7C001377F4 /* game.cpp in Sources */,
				43A80323248B5A0B00A932CE /* moonLander.cpp in Sources */,
				43ABF72624838E7C001377F4 /* uiInteract.cpp in Sources */,
				43ABF72224838E7C001377F4 /* point.cpp in Sources */,
				43ABF72424838E7C001377F4 /* makefile in Sources */,
				43ABF72524838E7C001377F4 /* driver.cpp in Sources */,
				43ABF72724838E7C001377F4 /* uiDraw.cpp in Sources */,
			);
			runOnlyForDeploymentPostprocessing = 0;
		};
/* End PBXSourcesBuildPhase section */

/* Begin XCBuildConfiguration section */
		43ABF70824838E47001377F4 /* Debug */ = {
			isa = XCBuildConfiguration;
			buildSettings = {
				ALWAYS_SEARCH_USER_PATHS = NO;
				CLANG_ANALYZER_NONNULL = YES;
				CLANG_ANALYZER_NUMBER_OBJECT_CONVERSION = YES_AGGRESSIVE;
				CLANG_CXX_LANGUAGE_STANDARD = "gnu++14";
				CLANG_CXX_LIBRARY = "libc++";
				CLANG_ENABLE_MODULES = YES;
				CLANG_ENABLE_OBJC_ARC = YES;
				CLANG_ENABLE_OBJC_WEAK = YES;
				CLANG_WARN_BLOCK_CAPTURE_AUTORELEASING = YES;
				CLANG_WARN_BOOL_CONVERSION = YES;
				CLANG_WARN_COMMA = YES;
				CLANG_WARN_CONSTANT_CONVERSION = YES;
				CLANG_WARN_DEPRECATED_OBJC_IMPLEMENTATIONS = YES;
				CLANG_WARN_DIRECT_OBJC_ISA_USAGE = YES_ERROR;
				CLANG_WARN_DOCUMENTATION_COMMENTS = YES;
				CLANG_WARN_EMPTY_BODY = YES;
				CLANG_WARN_ENUM_CONVERSION = YES;
				CLANG_WARN_INFINITE_RECURSION = YES;
				CLANG_WARN_INT_CONVERSION = YES;
				CLANG_WARN_NON_LITERAL_NULL_CONVERSION = YES;
				CLANG_WARN_OBJC_IMPLICIT_RETAIN_SELF = YES;
				CLANG_WARN_OBJC_LITERAL_CONVERSION = YES;
				CLANG_WARN_OBJC_ROOT_CLASS = YES_ERROR;
				CLANG_WARN_RANGE_LOOP_ANALYSIS = YES;
				CLANG_WARN_STRICT_PROTOTYPES = YES;
				CLANG_WARN_SUSPICIOUS_MOVE = YES;
				CLANG_WARN_UNGUARDED_AVAILABILITY = YES_AGGRESSIVE;
				CLANG_WARN_UNREACHABLE_CODE = YES;
				CLANG_WARN__DUPLICATE_METHOD_MATCH = YES;
				COPY_PHASE_STRIP = NO;
				DEBUG_INFORMATION_FORMAT = dwarf;
				ENABLE_STRICT_OBJC_MSGSEND = YES;
				ENABLE_TESTABILITY = YES;
				GCC_C_LANGUAGE_STANDARD = gnu11;
				GCC_DYNAMIC_NO_PIC = NO;
				GCC_NO_COMMON_BLOCKS = YES;
				GCC_OPTIMIZATION_LEVEL = 0;
				GCC_PREPROCESSOR_DEFINITIONS = (
					"DEBUG=1",
					"$(inherited)",
				);
				GCC_WARN_64_TO_32_BIT_CONVERSION = YES;
				GCC_WARN_ABOUT_RETURN_TYPE = YES_ERROR;
				GCC_WARN_UNDECLARED_SELECTOR = YES;
				GCC_WARN_UNINITIALIZED_AUTOS = YES_AGGRESSIVE;
				GCC_WARN_UNUSED_FUNCTION = YES;
				GCC_WARN_UNUSED_VARIABLE = YES;
				MACOSX_DEPLOYMENT_TARGET = 10.15;
				MTL_ENABLE_DEBUG_INFO = INCLUDE_SOURCE;
				MTL_FAST_MATH = YES;
				ONLY_ACTIVE_ARCH = YES;
				SDKROOT = macosx;
			};
			name = Debug;
		};
		43ABF70924838E47001377F4 /* Release */ = {
			isa = XCBuildConfiguration;
			buildSettings = {
				ALWAYS_SEARCH_USER_PATHS = NO;
				CLANG_ANALYZER_NONNULL = YES;
				CLANG_ANALYZER_NUMBER_OBJECT_CONVERSION = YES_AGGRESSIVE;
				CLANG_CXX_LANGUAGE_STANDARD = "gnu++14";
				CLANG_CXX_LIBRARY = "libc++";
				CLANG_ENABLE_MODULES = YES;
				CLANG_ENABLE_OBJC_ARC = YES;
				CLANG_ENABLE_OBJC_WEAK = YES;
				CLANG_WARN_BLOCK_CAPTURE_AUTORELEASING = YES;
				CLANG_WARN_BOOL_CONVERSION = YES;
				CLANG_WARN_COMMA = YES;
				CLANG_WARN_CONSTANT_CONVERSION = YES;
				CLANG_WARN_DEPRECATED_OBJC_IMPLEMENTATIONS = YES;
				CLANG_WARN_DIRECT_OBJC_ISA_USAGE = YES_ERROR;
				CLANG_WARN_DOCUMENTATION_COMMENTS = YES;
				CLANG_WARN_EMPTY_BODY = YES;
				CLANG_WARN_ENUM_CONVERSION = YES;
				CLANG_WARN_INFINITE_RECURSION = YES;
				CLANG_WARN_INT_CONVERSION = YES;
				CLANG_WARN_NON_LITERAL_NULL_CONVERSION = YES;
				CLANG_WARN_OBJC_IMPLICIT_RETAIN_SELF = YES;
				CLANG_WARN_OBJC_LITERAL_CONVERSION = YES;
				CLANG_WARN_OBJC_ROOT_CLASS = YES_ERROR;
				CLANG_WARN_RANGE_LOOP_ANALYSIS = YES;
				CLANG_WARN_STRICT_PROTOTYPES = YES;
				CLANG_WARN_SUSPICIOUS_MOVE = YES;
				CLANG_WARN_UNGUARDED_AVAILABILITY = YES_AGGRESSIVE;
				CLANG_WARN_UNREACHABLE_CODE = YES;
				CLANG_WARN__DUPLICATE_METHOD_MATCH = YES;
				COPY_PHASE_STRIP = NO;
				DEBUG_INFORMATION_FORMAT = "dwarf-with-dsym";
				ENABLE_NS_ASSERTIONS = NO;
				ENABLE_STRICT_OBJC_MSGSEND = YES;
				GCC_C_LANGUAGE_STANDARD = gnu11;
				GCC_NO_COMMON_BLOCKS = YES;
				GCC_WARN_64_TO_32_BIT_CONVERSION = YES;
				GCC_WARN_ABOUT_RETURN_TYPE = YES_ERROR;
				GCC_WARN_UNDECLARED_SELECTOR = YES;
				GCC_WARN_UNINITIALIZED_AUTOS = YES_AGGRESSIVE;
				GCC_WARN_UNUSED_FUNCTION = YES;
				GCC_WARN_UNUSED_VARIABLE = YES;
				MACOSX_DEPLOYMENT_TARGET = 10.15;
				MTL_ENABLE_DEBUG_INFO = NO;
				MTL_FAST_MATH = YES;
				SDKROOT = macosx;
			};
			name = Release;
		};
		43ABF70B24838E47001377F4 /* Debug */ = {
			isa = XCBuildConfiguration;
			buildSettings = {
				CODE_SIGN_STYLE = Automatic;
				DEVELOPMENT_ASSET_PATHS = "";
				PRODUCT_NAME = "$(TARGET_NAME)";
			};
			name = Debug;
		};
		43ABF70C24838E47001377F4 /* Release */ = {
			isa = XCBuildConfiguration;
			buildSettings = {
				CODE_SIGN_STYLE = Automatic;
				DEVELOPMENT_ASSET_PATHS = "";
				PRODUCT_NAME = "$(TARGET_NAME)";
			};
			name = Release;
		};
/* End XCBuildConfiguration section */

/* Begin XCConfigurationList section */
		43ABF6FE24838E47001377F4 /* Build configuration list for PBXProject "moonLander" */ = {
			isa = XCConfigurationList;
			buildConfigurations = (
				43ABF70824838E47001377F4 /* Debug */,
				43ABF70924838E47001377F4 /* Release */,
			);
			defaultConfigurationIsVisible = 0;
			defaultConfigurationName = Release;
		};
		43ABF70A24838E47001377F4 /* Build configuration list for PBXNativeTarget "moonLander" */ = {
			isa = XCConfigurationList;
			buildConfigurations = (
				43ABF70B24838E47001377F4 /* Debug */,
				43ABF70C24838E47001377F4 /* Release */,
			);
			defaultConfigurationIsVisible = 0;
			defaultConfigurationName = Release;
		};
/* End XCConfigurationList section */
	};
	rootObject = 43ABF6FB24838E47001377F4 /* Project object */;
}
